Microsoft Visual Studio Solution File, Format Version 12.00
# Visual Studio Version 17
VisualStudioVersion = 17.5.2.0
MinimumVisualStudioVersion = 10.0.40219.1
Project("{FAE04EC0-301F-11D3-BF4B-00C04F79EFBC}") = "Desafio-POO", "Desafio-POO.csproj", "{1C256381-C27B-89B5-DFCA-9223CB996AD1}"
EndProject
Global
	GlobalSection(SolutionConfigurationPlatforms) = preSolution
		Debug|Any CPU = Debug|Any CPU
		Release|Any CPU = Release|Any CPU
	EndGlobalSection
	GlobalSection(ProjectConfigurationPlatforms) = postSolution
		{1C256381-C27B-89B5-DFCA-9223CB996AD1}.Debug|Any CPU.ActiveCfg = Debug|Any CPU
		{1C256381-C27B-89B5-DFCA-9223CB996AD1}.Debug|Any CPU.Build.0 = Debug|Any CPU
		{1C256381-C27B-89B5-DFCA-9223CB996AD1}.Release|Any CPU.ActiveCfg = Release|Any CPU
		{1C256381-C27B-89B5-DFCA-9223CB996AD1}.Release|Any CPU.Build.0 = Release|Any CPU
	EndGlobalSection
	GlobalSection(SolutionProperties) = preSolution
		HideSolutionNode = FALSE
	EndGlobalSection
	GlobalSection(ExtensibilityGlobals) = postSolution
		SolutionGuid = {B99FDFF4-F58A-4314-9B81-33C4CF692E15}
	EndGlobalSection
EndGlobal
